
Microsoft Visual Studio Solution File, Format Version 12.00
# Visual Studio Version 16
VisualStudioVersion = 16.0.32002.261
MinimumVisualStudioVersion = 10.0.40219.1
Project("{FAE04EC0-301F-11D3-BF4B-00C04F79EFBC}") = "CalcularSalario", "CalcularSalario\CalcularSalario.csproj", "{C0210D57-73DF-4189-9E7D-6CCEB67A0404}"
EndProject
Global
	GlobalSection(SolutionConfigurationPlatforms) = preSolution
		Debug|Any CPU = Debug|Any CPU
		Release|Any CPU = Release|Any CPU
	EndGlobalSection
	GlobalSection(ProjectConfigurationPlatforms) = postSolution
		{C0210D57-73DF-4189-9E7D-6CCEB67A0404}.Debug|Any CPU.ActiveCfg = Debug|Any CPU
		{C0210D57-73DF-4189-9E7D-6CCEB67A0404}.Debug|Any CPU.Build.0 = Debug|Any CPU
		{C0210D57-73DF-4189-9E7D-6CCEB67A0404}.Release|Any CPU.ActiveCfg = Release|Any CPU
		{C0210D57-73DF-4189-9E7D-6CCEB67A0404}.Release|Any CPU.Build.0 = Release|Any CPU
	EndGlobalSection
	GlobalSection(SolutionProperties) = preSolution
		HideSolutionNode = FALSE
	EndGlobalSection
	GlobalSection(ExtensibilityGlobals) = postSolution
		SolutionGuid = {F54B9152-7C3E-4A75-B804-610F6F2A93C0}
	EndGlobalSection
EndGlobal
